
Microsoft Visual Studio Solution File, Format Version 12.00
# Visual Studio Version 16
VisualStudioVersion = 16.0.31729.503
MinimumVisualStudioVersion = 10.0.40219.1
Project("{FAE04EC0-301F-11D3-BF4B-00C04F79EFBC}") = "MyLists", "MyLists.csproj", "{D4C93EBE-459F-48F5-BC33-09231701A173}"
EndProject
Global
	GlobalSection(SolutionConfigurationPlatforms) = preSolution
		Debug|Any CPU = Debug|Any CPU
		Release|Any CPU = Release|Any CPU
	EndGlobalSection
	GlobalSection(ProjectConfigurationPlatforms) = postSolution
		{D4C93EBE-459F-48F5-BC33-09231701A173}.Debug|Any CPU.ActiveCfg = Debug|Any CPU
		{D4C93EBE-459F-48F5-BC33-09231701A173}.Debug|Any CPU.Build.0 = Debug|Any CPU
		{D4C93EBE-459F-48F5-BC33-09231701A173}.Release|Any CPU.ActiveCfg = Release|Any CPU
		{D4C93EBE-459F-48F5-BC33-09231701A173}.Release|Any CPU.Build.0 = Release|Any CPU
	EndGlobalSection
	GlobalSection(SolutionProperties) = preSolution
		HideSolutionNode = FALSE
	EndGlobalSection
	GlobalSection(ExtensibilityGlobals) = postSolution
		SolutionGuid = {FE62CDC3-5699-4618-B6BD-A2949AC6A96A}
	EndGlobalSection
EndGlobal
