
Microsoft Visual Studio Solution File, Format Version 12.00
# Visual Studio Version 17
VisualStudioVersion = 17.14.36811.4 d17.14
MinimumVisualStudioVersion = 10.0.40219.1
Project("{FAE04EC0-301F-11D3-BF4B-00C04F79EFBC}") = "PrimeNumber", "PrimeNumber\PrimeNumber.csproj", "{8DCFB8D1-AF5F-4CC8-BBE8-E67A18887D87}"
EndProject
Global
	GlobalSection(SolutionConfigurationPlatforms) = preSolution
		Debug|Any CPU = Debug|Any CPU
		Release|Any CPU = Release|Any CPU
	EndGlobalSection
	GlobalSection(ProjectConfigurationPlatforms) = postSolution
		{8DCFB8D1-AF5F-4CC8-BBE8-E67A18887D87}.Debug|Any CPU.ActiveCfg = Debug|Any CPU
		{8DCFB8D1-AF5F-4CC8-BBE8-E67A18887D87}.Debug|Any CPU.Build.0 = Debug|Any CPU
		{8DCFB8D1-AF5F-4CC8-BBE8-E67A18887D87}.Release|Any CPU.ActiveCfg = Release|Any CPU
		{8DCFB8D1-AF5F-4CC8-BBE8-E67A18887D87}.Release|Any CPU.Build.0 = Release|Any CPU
	EndGlobalSection
	GlobalSection(SolutionProperties) = preSolution
		HideSolutionNode = FALSE
	EndGlobalSection
	GlobalSection(ExtensibilityGlobals) = postSolution
		SolutionGuid = {85FEBF27-4F51-4CF3-A992-DFDCF10CCE1A}
	EndGlobalSection
EndGlobal
